
Microsoft Visual Studio Solution File, Format Version 12.00
# Visual Studio Version 17
VisualStudioVersion = 17.4.33205.214
MinimumVisualStudioVersion = 10.0.40219.1
Project("{FAE04EC0-301F-11D3-BF4B-00C04F79EFBC}") = "INotifyProopertyChangedWPF", "INotifyProopertyChangedWPF\INotifyProopertyChangedWPF.csproj", "{C06AA02A-8D3A-4932-BA98-3BACFE348172}"
EndProject
Global
	GlobalSection(SolutionConfigurationPlatforms) = preSolution
		Debug|Any CPU = Debug|Any CPU
		Release|Any CPU = Release|Any CPU
	EndGlobalSection
	GlobalSection(ProjectConfigurationPlatforms) = postSolution
		{C06AA02A-8D3A-4932-BA98-3BACFE348172}.Debug|Any CPU.ActiveCfg = Debug|Any CPU
		{C06AA02A-8D3A-4932-BA98-3BACFE348172}.Debug|Any CPU.Build.0 = Debug|Any CPU
		{C06AA02A-8D3A-4932-BA98-3BACFE348172}.Release|Any CPU.ActiveCfg = Release|Any CPU
		{C06AA02A-8D3A-4932-BA98-3BACFE348172}.Release|Any CPU.Build.0 = Release|Any CPU
	EndGlobalSection
	GlobalSection(SolutionProperties) = preSolution
		HideSolutionNode = FALSE
	EndGlobalSection
	GlobalSection(ExtensibilityGlobals) = postSolution
		SolutionGuid = {538F0361-D2A3-4E09-A0C6-D5E5F896CC60}
	EndGlobalSection
EndGlobal
